
Microsoft Visual Studio Solution File, Format Version 12.00
# Visual Studio Version 16
VisualStudioVersion = 16.0.29613.14
MinimumVisualStudioVersion = 10.0.40219.1
Project("{FAE04EC0-301F-11D3-BF4B-00C04F79EFBC}") = "Snake", "Snake.csproj", "{7F59BBE1-8432-462A-AD4E-BACBD57AAFDB}"
EndProject
Global
	GlobalSection(SolutionConfigurationPlatforms) = preSolution
		Debug|Any CPU = Debug|Any CPU
		Release|Any CPU = Release|Any CPU
	EndGlobalSection
	GlobalSection(ProjectConfigurationPlatforms) = postSolution
		{7F59BBE1-8432-462A-AD4E-BACBD57AAFDB}.Debug|Any CPU.ActiveCfg = Debug|Any CPU
		{7F59BBE1-8432-462A-AD4E-BACBD57AAFDB}.Debug|Any CPU.Build.0 = Debug|Any CPU
		{7F59BBE1-8432-462A-AD4E-BACBD57AAFDB}.Release|Any CPU.ActiveCfg = Release|Any CPU
		{7F59BBE1-8432-462A-AD4E-BACBD57AAFDB}.Release|Any CPU.Build.0 = Release|Any CPU
	EndGlobalSection
	GlobalSection(SolutionProperties) = preSolution
		HideSolutionNode = FALSE
	EndGlobalSection
	GlobalSection(ExtensibilityGlobals) = postSolution
		SolutionGuid = {04207B1D-9113-4AA3-A366-EB84981515B4}
	EndGlobalSection
EndGlobal
